
Microsoft Visual Studio Solution File, Format Version 12.00
# Visual Studio Version 16
VisualStudioVersion = 16.0.29503.13
MinimumVisualStudioVersion = 10.0.40219.1
Project("{FAE04EC0-301F-11D3-BF4B-00C04F79EFBC}") = "TaskManager.App", "TaskManager.App\TaskManager.App.csproj", "{7DD64BDD-50E1-415E-82DC-BB82174FAA8B}"
EndProject
Global
	GlobalSection(SolutionConfigurationPlatforms) = preSolution
		Debug|Any CPU = Debug|Any CPU
		Release|Any CPU = Release|Any CPU
	EndGlobalSection
	GlobalSection(ProjectConfigurationPlatforms) = postSolution
		{7DD64BDD-50E1-415E-82DC-BB82174FAA8B}.Debug|Any CPU.ActiveCfg = Debug|Any CPU
		{7DD64BDD-50E1-415E-82DC-BB82174FAA8B}.Debug|Any CPU.Build.0 = Debug|Any CPU
		{7DD64BDD-50E1-415E-82DC-BB82174FAA8B}.Release|Any CPU.ActiveCfg = Release|Any CPU
		{7DD64BDD-50E1-415E-82DC-BB82174FAA8B}.Release|Any CPU.Build.0 = Release|Any CPU
	EndGlobalSection
	GlobalSection(SolutionProperties) = preSolution
		HideSolutionNode = FALSE
	EndGlobalSection
	GlobalSection(ExtensibilityGlobals) = postSolution
		SolutionGuid = {1C37322F-ED75-41A4-BE73-8D22A006757E}
	EndGlobalSection
EndGlobal
