
Microsoft Visual Studio Solution File, Format Version 12.00
# Visual Studio Version 16
VisualStudioVersion = 16.0.29503.13
MinimumVisualStudioVersion = 10.0.40219.1
Project("{FAE04EC0-301F-11D3-BF4B-00C04F79EFBC}") = "TaskManager.App", "TaskManager.App\TaskManager.App.csproj", "{7DD64BDD-50E1-415E-82DC-BB82174FAA8B}"
EndProject
Project("{FAE04EC0-301F-11D3-BF4B-00C04F79EFBC}") = "TaskManager.Data", "TaskManager.Data\TaskManager.Data.csproj", "{4FCF212D-1F79-412E-BBAB-DA810B21694A}"
EndProject
Project("{FAE04EC0-301F-11D3-BF4B-00C04F79EFBC}") = "TaskManager.Models", "TaskManager.Models\TaskManager.Models.csproj", "{37811CBD-26A5-4AC8-869B-B7B978B9D9FF}"
EndProject
Global
	GlobalSection(SolutionConfigurationPlatforms) = preSolution
		Debug|Any CPU = Debug|Any CPU
		Release|Any CPU = Release|Any CPU
	EndGlobalSection
	GlobalSection(ProjectConfigurationPlatforms) = postSolution
		{7DD64BDD-50E1-415E-82DC-BB82174FAA8B}.Debug|Any CPU.ActiveCfg = Debug|Any CPU
		{7DD64BDD-50E1-415E-82DC-BB82174FAA8B}.Debug|Any CPU.Build.0 = Debug|Any CPU
		{7DD64BDD-50E1-415E-82DC-BB82174FAA8B}.Release|Any CPU.ActiveCfg = Release|Any CPU
		{7DD64BDD-50E1-415E-82DC-BB82174FAA8B}.Release|Any CPU.Build.0 = Release|Any CPU
		{4FCF212D-1F79-412E-BBAB-DA810B21694A}.Debug|Any CPU.ActiveCfg = Debug|Any CPU
		{4FCF212D-1F79-412E-BBAB-DA810B21694A}.Debug|Any CPU.Build.0 = Debug|Any CPU
		{4FCF212D-1F79-412E-BBAB-DA810B21694A}.Release|Any CPU.ActiveCfg = Release|Any CPU
		{4FCF212D-1F79-412E-BBAB-DA810B21694A}.Release|Any CPU.Build.0 = Release|Any CPU
		{37811CBD-26A5-4AC8-869B-B7B978B9D9FF}.Debug|Any CPU.ActiveCfg = Debug|Any CPU
		{37811CBD-26A5-4AC8-869B-B7B978B9D9FF}.Debug|Any CPU.Build.0 = Debug|Any CPU
		{37811CBD-26A5-4AC8-869B-B7B978B9D9FF}.Release|Any CPU.ActiveCfg = Release|Any CPU
		{37811CBD-26A5-4AC8-869B-B7B978B9D9FF}.Release|Any CPU.Build.0 = Release|Any CPU
	EndGlobalSection
	GlobalSection(SolutionProperties) = preSolution
		HideSolutionNode = FALSE
	EndGlobalSection
	GlobalSection(ExtensibilityGlobals) = postSolution
		SolutionGuid = {1C37322F-ED75-41A4-BE73-8D22A006757E}
	EndGlobalSection
EndGlobal
